
Microsoft Visual Studio Solution File, Format Version 12.00
# Visual Studio Version 17
VisualStudioVersion = 17.0.31903.59
MinimumVisualStudioVersion = 10.0.40219.1
Project("{FAE04EC0-301F-11D3-BF4B-00C04F79EFBC}") = "Exam r", "Exam r\Exam r.csproj", "{ED6884FD-6C45-4EA6-87C1-522557927E7F}"
EndProject
Global
	GlobalSection(SolutionConfigurationPlatforms) = preSolution
		Debug|Any CPU = Debug|Any CPU
		Release|Any CPU = Release|Any CPU
	EndGlobalSection
	GlobalSection(SolutionProperties) = preSolution
		HideSolutionNode = FALSE
	EndGlobalSection
	GlobalSection(ProjectConfigurationPlatforms) = postSolution
		{ED6884FD-6C45-4EA6-87C1-522557927E7F}.Debug|Any CPU.ActiveCfg = Debug|Any CPU
		{ED6884FD-6C45-4EA6-87C1-522557927E7F}.Debug|Any CPU.Build.0 = Debug|Any CPU
		{ED6884FD-6C45-4EA6-87C1-522557927E7F}.Release|Any CPU.ActiveCfg = Release|Any CPU
		{ED6884FD-6C45-4EA6-87C1-522557927E7F}.Release|Any CPU.Build.0 = Release|Any CPU
	EndGlobalSection
EndGlobal
